
Microsoft Visual Studio Solution File, Format Version 12.00
# Visual Studio Version 17
VisualStudioVersion = 17.9.34723.18
MinimumVisualStudioVersion = 10.0.40219.1
Project("{9A19103F-16F7-4668-BE54-9A1E7A4F7556}") = "BaiTapString", "BaiTapString.csproj", "{94C5AC92-23A4-4536-8903-B191FFF90E00}"
EndProject
Global
	GlobalSection(SolutionConfigurationPlatforms) = preSolution
		Debug|Any CPU = Debug|Any CPU
		Release|Any CPU = Release|Any CPU
	EndGlobalSection
	GlobalSection(ProjectConfigurationPlatforms) = postSolution
		{94C5AC92-23A4-4536-8903-B191FFF90E00}.Debug|Any CPU.ActiveCfg = Debug|Any CPU
		{94C5AC92-23A4-4536-8903-B191FFF90E00}.Debug|Any CPU.Build.0 = Debug|Any CPU
		{94C5AC92-23A4-4536-8903-B191FFF90E00}.Release|Any CPU.ActiveCfg = Release|Any CPU
		{94C5AC92-23A4-4536-8903-B191FFF90E00}.Release|Any CPU.Build.0 = Release|Any CPU
	EndGlobalSection
	GlobalSection(SolutionProperties) = preSolution
		HideSolutionNode = FALSE
	EndGlobalSection
	GlobalSection(ExtensibilityGlobals) = postSolution
		SolutionGuid = {57C6A57E-B223-4040-9F94-93A5447FD3C3}
	EndGlobalSection
EndGlobal
