
Microsoft Visual Studio Solution File, Format Version 12.00
# Visual Studio Version 17
VisualStudioVersion = 17.9.34714.143
MinimumVisualStudioVersion = 10.0.40219.1
Project("{9A19103F-16F7-4668-BE54-9A1E7A4F7556}") = "HBAcademy", "HBAcademy.csproj", "{DDAF2AF9-4A1F-4412-8DAE-9B47874CB718}"
EndProject
Project("{FAE04EC0-301F-11D3-BF4B-00C04F79EFBC}") = "NhapThongTinSinhVien", "..\BaiTap1\NhapThongTinSinhVien.csproj", "{37168FC8-E728-4F66-B1E3-2D05DD1A0E73}"
EndProject
Global
	GlobalSection(SolutionConfigurationPlatforms) = preSolution
		Debug|Any CPU = Debug|Any CPU
		Release|Any CPU = Release|Any CPU
	EndGlobalSection
	GlobalSection(ProjectConfigurationPlatforms) = postSolution
		{DDAF2AF9-4A1F-4412-8DAE-9B47874CB718}.Debug|Any CPU.ActiveCfg = Debug|Any CPU
		{DDAF2AF9-4A1F-4412-8DAE-9B47874CB718}.Debug|Any CPU.Build.0 = Debug|Any CPU
		{DDAF2AF9-4A1F-4412-8DAE-9B47874CB718}.Release|Any CPU.ActiveCfg = Release|Any CPU
		{DDAF2AF9-4A1F-4412-8DAE-9B47874CB718}.Release|Any CPU.Build.0 = Release|Any CPU
		{37168FC8-E728-4F66-B1E3-2D05DD1A0E73}.Debug|Any CPU.ActiveCfg = Debug|Any CPU
		{37168FC8-E728-4F66-B1E3-2D05DD1A0E73}.Debug|Any CPU.Build.0 = Debug|Any CPU
		{37168FC8-E728-4F66-B1E3-2D05DD1A0E73}.Release|Any CPU.ActiveCfg = Release|Any CPU
		{37168FC8-E728-4F66-B1E3-2D05DD1A0E73}.Release|Any CPU.Build.0 = Release|Any CPU
	EndGlobalSection
	GlobalSection(SolutionProperties) = preSolution
		HideSolutionNode = FALSE
	EndGlobalSection
	GlobalSection(ExtensibilityGlobals) = postSolution
		SolutionGuid = {F3A40621-5E00-4608-9E53-0E2AD23D09E8}
	EndGlobalSection
EndGlobal
