
Microsoft Visual Studio Solution File, Format Version 12.00
# Visual Studio Version 17
VisualStudioVersion = 17.9.34714.143
MinimumVisualStudioVersion = 10.0.40219.1
Project("{9A19103F-16F7-4668-BE54-9A1E7A4F7556}") = "HBAcademy", "HBAcademy.csproj", "{DDAF2AF9-4A1F-4412-8DAE-9B47874CB718}"
EndProject
Project("{9A19103F-16F7-4668-BE54-9A1E7A4F7556}") = "KiemTraChanLe", "..\KiemTraChanLe\KiemTraChanLe.csproj", "{F039BE14-73E1-498C-923D-FA08B50580CD}"
EndProject
Project("{9A19103F-16F7-4668-BE54-9A1E7A4F7556}") = "DaoNguocChuoi", "..\DaoNguocChuoi\DaoNguocChuoi.csproj", "{B5AE37BA-9516-45E3-834A-A91B32CF9F13}"
EndProject
Project("{9A19103F-16F7-4668-BE54-9A1E7A4F7556}") = "NhapHaiChuSo", "..\NhapHaiChuSo\NhapHaiChuSo.csproj", "{DC81267B-26BC-4D4D-83FC-1F1BEB2689FE}"
EndProject
Project("{9A19103F-16F7-4668-BE54-9A1E7A4F7556}") = "LietKeDuLieu", "..\LietKeDuLieu\LietKeDuLieu.csproj", "{49A19113-2BFB-4073-BB46-D8F5B459B4D0}"
EndProject
Project("{9A19103F-16F7-4668-BE54-9A1E7A4F7556}") = "ThongTinLopHoc", "..\ThongTinLopHoc\ThongTinLopHoc.csproj", "{596A760D-CD31-4A55-8143-5F168428F3B2}"
EndProject
Project("{9A19103F-16F7-4668-BE54-9A1E7A4F7556}") = "BaiTapStruct", "..\BaiTapStruct\BaiTapStruct.csproj", "{BE313F5D-72E8-47BD-9CCE-869391E185BB}"
EndProject
Project("{9A19103F-16F7-4668-BE54-9A1E7A4F7556}") = "KiemTraKyTu", "..\KiemTraKyTu\KiemTraKyTu.csproj", "{1E33A384-68F5-4195-967E-011607F88E90}"
EndProject
Project("{9A19103F-16F7-4668-BE54-9A1E7A4F7556}") = "BaiTapVeNha024", "..\BaiTapVeNha024\BaiTapVeNha024.csproj", "{41F82EBE-53CC-45D0-A369-5334063AFBB6}"
EndProject
Project("{9A19103F-16F7-4668-BE54-9A1E7A4F7556}") = "BaiTapString", "..\BaiTapString\BaiTapString.csproj", "{3016B012-5E07-44AF-A3C9-99A2B9954F86}"
EndProject
Project("{9A19103F-16F7-4668-BE54-9A1E7A4F7556}") = "BuoiHoc8", "..\BuoiHoc8\BuoiHoc8.csproj", "{458861C0-A772-4A85-A027-650F156B7298}"
EndProject
Project("{9A19103F-16F7-4668-BE54-9A1E7A4F7556}") = "BuoiHoc9", "..\BuoiHoc9\BuoiHoc9.csproj", "{F2E7EA68-ECDA-46B3-903A-CFB00C98C765}"
EndProject
Project("{9A19103F-16F7-4668-BE54-9A1E7A4F7556}") = "BuoiHoc10", "..\BuoiHoc10\BuoiHoc10.csproj", "{90E53122-A82A-43D7-9EBF-4A1E9AA464CF}"
EndProject
Project("{FAE04EC0-301F-11D3-BF4B-00C04F79EFBC}") = "BuoiHoc11", "..\BuoiHoc11\BuoiHoc11.csproj", "{2BF5F4B4-3893-4610-A3D9-C8478A0DB7C5}"
EndProject
Global
	GlobalSection(SolutionConfigurationPlatforms) = preSolution
		Debug|Any CPU = Debug|Any CPU
		Release|Any CPU = Release|Any CPU
	EndGlobalSection
	GlobalSection(ProjectConfigurationPlatforms) = postSolution
		{DDAF2AF9-4A1F-4412-8DAE-9B47874CB718}.Debug|Any CPU.ActiveCfg = Debug|Any CPU
		{DDAF2AF9-4A1F-4412-8DAE-9B47874CB718}.Debug|Any CPU.Build.0 = Debug|Any CPU
		{DDAF2AF9-4A1F-4412-8DAE-9B47874CB718}.Release|Any CPU.ActiveCfg = Release|Any CPU
		{DDAF2AF9-4A1F-4412-8DAE-9B47874CB718}.Release|Any CPU.Build.0 = Release|Any CPU
		{F039BE14-73E1-498C-923D-FA08B50580CD}.Debug|Any CPU.ActiveCfg = Debug|Any CPU
		{F039BE14-73E1-498C-923D-FA08B50580CD}.Debug|Any CPU.Build.0 = Debug|Any CPU
		{F039BE14-73E1-498C-923D-FA08B50580CD}.Release|Any CPU.ActiveCfg = Release|Any CPU
		{F039BE14-73E1-498C-923D-FA08B50580CD}.Release|Any CPU.Build.0 = Release|Any CPU
		{B5AE37BA-9516-45E3-834A-A91B32CF9F13}.Debug|Any CPU.ActiveCfg = Debug|Any CPU
		{B5AE37BA-9516-45E3-834A-A91B32CF9F13}.Debug|Any CPU.Build.0 = Debug|Any CPU
		{B5AE37BA-9516-45E3-834A-A91B32CF9F13}.Release|Any CPU.ActiveCfg = Release|Any CPU
		{B5AE37BA-9516-45E3-834A-A91B32CF9F13}.Release|Any CPU.Build.0 = Release|Any CPU
		{DC81267B-26BC-4D4D-83FC-1F1BEB2689FE}.Debug|Any CPU.ActiveCfg = Debug|Any CPU
		{DC81267B-26BC-4D4D-83FC-1F1BEB2689FE}.Debug|Any CPU.Build.0 = Debug|Any CPU
		{DC81267B-26BC-4D4D-83FC-1F1BEB2689FE}.Release|Any CPU.ActiveCfg = Release|Any CPU
		{DC81267B-26BC-4D4D-83FC-1F1BEB2689FE}.Release|Any CPU.Build.0 = Release|Any CPU
		{49A19113-2BFB-4073-BB46-D8F5B459B4D0}.Debug|Any CPU.ActiveCfg = Debug|Any CPU
		{49A19113-2BFB-4073-BB46-D8F5B459B4D0}.Debug|Any CPU.Build.0 = Debug|Any CPU
		{49A19113-2BFB-4073-BB46-D8F5B459B4D0}.Release|Any CPU.ActiveCfg = Release|Any CPU
		{49A19113-2BFB-4073-BB46-D8F5B459B4D0}.Release|Any CPU.Build.0 = Release|Any CPU
		{596A760D-CD31-4A55-8143-5F168428F3B2}.Debug|Any CPU.ActiveCfg = Debug|Any CPU
		{596A760D-CD31-4A55-8143-5F168428F3B2}.Debug|Any CPU.Build.0 = Debug|Any CPU
		{596A760D-CD31-4A55-8143-5F168428F3B2}.Release|Any CPU.ActiveCfg = Release|Any CPU
		{596A760D-CD31-4A55-8143-5F168428F3B2}.Release|Any CPU.Build.0 = Release|Any CPU
		{BE313F5D-72E8-47BD-9CCE-869391E185BB}.Debug|Any CPU.ActiveCfg = Debug|Any CPU
		{BE313F5D-72E8-47BD-9CCE-869391E185BB}.Debug|Any CPU.Build.0 = Debug|Any CPU
		{BE313F5D-72E8-47BD-9CCE-869391E185BB}.Release|Any CPU.ActiveCfg = Release|Any CPU
		{BE313F5D-72E8-47BD-9CCE-869391E185BB}.Release|Any CPU.Build.0 = Release|Any CPU
		{1E33A384-68F5-4195-967E-011607F88E90}.Debug|Any CPU.ActiveCfg = Debug|Any CPU
		{1E33A384-68F5-4195-967E-011607F88E90}.Debug|Any CPU.Build.0 = Debug|Any CPU
		{1E33A384-68F5-4195-967E-011607F88E90}.Release|Any CPU.ActiveCfg = Release|Any CPU
		{1E33A384-68F5-4195-967E-011607F88E90}.Release|Any CPU.Build.0 = Release|Any CPU
		{41F82EBE-53CC-45D0-A369-5334063AFBB6}.Debug|Any CPU.ActiveCfg = Debug|Any CPU
		{41F82EBE-53CC-45D0-A369-5334063AFBB6}.Debug|Any CPU.Build.0 = Debug|Any CPU
		{41F82EBE-53CC-45D0-A369-5334063AFBB6}.Release|Any CPU.ActiveCfg = Release|Any CPU
		{41F82EBE-53CC-45D0-A369-5334063AFBB6}.Release|Any CPU.Build.0 = Release|Any CPU
		{3016B012-5E07-44AF-A3C9-99A2B9954F86}.Debug|Any CPU.ActiveCfg = Debug|Any CPU
		{3016B012-5E07-44AF-A3C9-99A2B9954F86}.Debug|Any CPU.Build.0 = Debug|Any CPU
		{3016B012-5E07-44AF-A3C9-99A2B9954F86}.Release|Any CPU.ActiveCfg = Release|Any CPU
		{3016B012-5E07-44AF-A3C9-99A2B9954F86}.Release|Any CPU.Build.0 = Release|Any CPU
		{458861C0-A772-4A85-A027-650F156B7298}.Debug|Any CPU.ActiveCfg = Debug|Any CPU
		{458861C0-A772-4A85-A027-650F156B7298}.Debug|Any CPU.Build.0 = Debug|Any CPU
		{458861C0-A772-4A85-A027-650F156B7298}.Release|Any CPU.ActiveCfg = Release|Any CPU
		{458861C0-A772-4A85-A027-650F156B7298}.Release|Any CPU.Build.0 = Release|Any CPU
		{F2E7EA68-ECDA-46B3-903A-CFB00C98C765}.Debug|Any CPU.ActiveCfg = Debug|Any CPU
		{F2E7EA68-ECDA-46B3-903A-CFB00C98C765}.Debug|Any CPU.Build.0 = Debug|Any CPU
		{F2E7EA68-ECDA-46B3-903A-CFB00C98C765}.Release|Any CPU.ActiveCfg = Release|Any CPU
		{F2E7EA68-ECDA-46B3-903A-CFB00C98C765}.Release|Any CPU.Build.0 = Release|Any CPU
		{90E53122-A82A-43D7-9EBF-4A1E9AA464CF}.Debug|Any CPU.ActiveCfg = Debug|Any CPU
		{90E53122-A82A-43D7-9EBF-4A1E9AA464CF}.Debug|Any CPU.Build.0 = Debug|Any CPU
		{90E53122-A82A-43D7-9EBF-4A1E9AA464CF}.Release|Any CPU.ActiveCfg = Release|Any CPU
		{90E53122-A82A-43D7-9EBF-4A1E9AA464CF}.Release|Any CPU.Build.0 = Release|Any CPU
		{2BF5F4B4-3893-4610-A3D9-C8478A0DB7C5}.Debug|Any CPU.ActiveCfg = Debug|Any CPU
		{2BF5F4B4-3893-4610-A3D9-C8478A0DB7C5}.Debug|Any CPU.Build.0 = Debug|Any CPU
		{2BF5F4B4-3893-4610-A3D9-C8478A0DB7C5}.Release|Any CPU.ActiveCfg = Release|Any CPU
		{2BF5F4B4-3893-4610-A3D9-C8478A0DB7C5}.Release|Any CPU.Build.0 = Release|Any CPU
	EndGlobalSection
	GlobalSection(SolutionProperties) = preSolution
		HideSolutionNode = FALSE
	EndGlobalSection
	GlobalSection(ExtensibilityGlobals) = postSolution
		SolutionGuid = {F3A40621-5E00-4608-9E53-0E2AD23D09E8}
	EndGlobalSection
EndGlobal
