
Microsoft Visual Studio Solution File, Format Version 12.00
# Visual Studio Version 17
VisualStudioVersion = 17.8.34408.163
MinimumVisualStudioVersion = 10.0.40219.1
Project("{9A19103F-16F7-4668-BE54-9A1E7A4F7556}") = "BaiTapVeNha024", "BaiTapVeNha024.csproj", "{24D885F5-9C35-475F-B1EA-7A879901B8C1}"
EndProject
Global
	GlobalSection(SolutionConfigurationPlatforms) = preSolution
		Debug|Any CPU = Debug|Any CPU
		Release|Any CPU = Release|Any CPU
	EndGlobalSection
	GlobalSection(ProjectConfigurationPlatforms) = postSolution
		{24D885F5-9C35-475F-B1EA-7A879901B8C1}.Debug|Any CPU.ActiveCfg = Debug|Any CPU
		{24D885F5-9C35-475F-B1EA-7A879901B8C1}.Debug|Any CPU.Build.0 = Debug|Any CPU
		{24D885F5-9C35-475F-B1EA-7A879901B8C1}.Release|Any CPU.ActiveCfg = Release|Any CPU
		{24D885F5-9C35-475F-B1EA-7A879901B8C1}.Release|Any CPU.Build.0 = Release|Any CPU
	EndGlobalSection
	GlobalSection(SolutionProperties) = preSolution
		HideSolutionNode = FALSE
	EndGlobalSection
	GlobalSection(ExtensibilityGlobals) = postSolution
		SolutionGuid = {446E3B80-4418-4156-A63F-980AC15880B5}
	EndGlobalSection
EndGlobal
