
Microsoft Visual Studio Solution File, Format Version 12.00
# Visual Studio Version 17
VisualStudioVersion = 17.8.34408.163
MinimumVisualStudioVersion = 10.0.40219.1
Project("{9A19103F-16F7-4668-BE54-9A1E7A4F7556}") = "BuoiHoc14", "BuoiHoc14.csproj", "{9F260899-BE0A-4864-8DF6-01EF1B684F7A}"
EndProject
Global
	GlobalSection(SolutionConfigurationPlatforms) = preSolution
		Debug|Any CPU = Debug|Any CPU
		Release|Any CPU = Release|Any CPU
	EndGlobalSection
	GlobalSection(ProjectConfigurationPlatforms) = postSolution
		{9F260899-BE0A-4864-8DF6-01EF1B684F7A}.Debug|Any CPU.ActiveCfg = Debug|Any CPU
		{9F260899-BE0A-4864-8DF6-01EF1B684F7A}.Debug|Any CPU.Build.0 = Debug|Any CPU
		{9F260899-BE0A-4864-8DF6-01EF1B684F7A}.Release|Any CPU.ActiveCfg = Release|Any CPU
		{9F260899-BE0A-4864-8DF6-01EF1B684F7A}.Release|Any CPU.Build.0 = Release|Any CPU
	EndGlobalSection
	GlobalSection(SolutionProperties) = preSolution
		HideSolutionNode = FALSE
	EndGlobalSection
	GlobalSection(ExtensibilityGlobals) = postSolution
		SolutionGuid = {9062F8DD-6185-4177-BC85-EF4AA5AF2BD4}
	EndGlobalSection
EndGlobal
